
Microsoft Visual Studio Solution File, Format Version 12.00
Project("{FAE04EC0-301F-11D3-BF4B-00C04F79EFBC}") = "ShiftsLoggerAPI", "ShiftsLoggerAPI\ShiftsLoggerAPI.csproj", "{DE40EDF8-AD1E-4DBD-864D-5E7F9A7C030F}"
EndProject
Global
	GlobalSection(SolutionConfigurationPlatforms) = preSolution
		Debug|Any CPU = Debug|Any CPU
		Release|Any CPU = Release|Any CPU
	EndGlobalSection
	GlobalSection(ProjectConfigurationPlatforms) = postSolution
		{DE40EDF8-AD1E-4DBD-864D-5E7F9A7C030F}.Debug|Any CPU.ActiveCfg = Debug|Any CPU
		{DE40EDF8-AD1E-4DBD-864D-5E7F9A7C030F}.Debug|Any CPU.Build.0 = Debug|Any CPU
		{DE40EDF8-AD1E-4DBD-864D-5E7F9A7C030F}.Release|Any CPU.ActiveCfg = Release|Any CPU
		{DE40EDF8-AD1E-4DBD-864D-5E7F9A7C030F}.Release|Any CPU.Build.0 = Release|Any CPU
	EndGlobalSection
EndGlobal
